
Microsoft Visual Studio Solution File, Format Version 12.00
# Visual Studio Version 17
VisualStudioVersion = 17.14.36518.9
MinimumVisualStudioVersion = 10.0.40219.1
Project("{FAE04EC0-301F-11D3-BF4B-00C04F79EFBC}") = "MVCWFRONT", "MVCWFRONT\MVCWFRONT.csproj", "{3326855B-3F41-4DDA-862A-9F6CAD23C516}"
EndProject
Global
	GlobalSection(SolutionConfigurationPlatforms) = preSolution
		Debug|Any CPU = Debug|Any CPU
		Release|Any CPU = Release|Any CPU
	EndGlobalSection
	GlobalSection(ProjectConfigurationPlatforms) = postSolution
		{3326855B-3F41-4DDA-862A-9F6CAD23C516}.Debug|Any CPU.ActiveCfg = Debug|Any CPU
		{3326855B-3F41-4DDA-862A-9F6CAD23C516}.Debug|Any CPU.Build.0 = Debug|Any CPU
		{3326855B-3F41-4DDA-862A-9F6CAD23C516}.Release|Any CPU.ActiveCfg = Release|Any CPU
		{3326855B-3F41-4DDA-862A-9F6CAD23C516}.Release|Any CPU.Build.0 = Release|Any CPU
	EndGlobalSection
	GlobalSection(SolutionProperties) = preSolution
		HideSolutionNode = FALSE
	EndGlobalSection
	GlobalSection(ExtensibilityGlobals) = postSolution
		SolutionGuid = {5CA3C1EC-8182-4E3B-B209-F19E7D03BA1B}
	EndGlobalSection
EndGlobal
